version = 1
revision = 3
requires-python = "==3.8.*"

[[package]]
name = "lsp-maintainers"
version = "1.0.0"
source = { virtual = "." }
dependencies = [
    { name = "orjson" },
    { name = "pyright" },
    { name = "typing-extensions" },
]

[package.metadata]
requires-dist = [
    { name = "orjson", specifier = "==3.10.15" },
    { name = "pyright", specifier = ">=1.1.410" },
    { name = "typing-extensions", specifier = "==4.13.2" },
]

[[package]]
name = "nodeenv"
version = "1.10.0"
source = { registry = "https://pypi.org/simple" }
sdist = { url = "https://files.pythonhosted.org/packages/24/bf/d1bda4f6168e0b2e9e5958945e01910052158313224ada5ce1fb2e1113b8/nodeenv-1.10.0.tar.gz", hash = "sha256:996c191ad80897d076bdfba80a41994c2b47c68e224c542b48feba42ba00f8bb", size = 55611, upload-time = "2025-12-20T14:08:54.006Z" }
wheels = [
    { url = "https://files.pythonhosted.org/packages/88/b2/d0896bdcdc8d28a7fc5717c305f1a861c26e18c05047949fb371034d98bd/nodeenv-1.10.0-py2.py3-none-any.whl", hash = "sha256:5bb13e3eed2923615535339b3c620e76779af4cb4c6a90deccc9e36b274d3827", size = 23438, upload-time = "2025-12-20T14:08:52.782Z" },
]

[[package]]
name = "orjson"
version = "3.10.15"
source = { registry = "https://pypi.org/simple" }
sdist = { url = "https://files.pythonhosted.org/packages/ae/f9/5dea21763eeff8c1590076918a446ea3d6140743e0e36f58f369928ed0f4/orjson-3.10.15.tar.gz", hash = "sha256:05ca7fe452a2e9d8d9d706a2984c95b9c2ebc5db417ce0b7a49b91d50642a23e", size = 5282482, upload-time = "2025-01-18T15:55:28.817Z" }
wheels = [
    { url = "https://files.pythonhosted.org/packages/e8/93/7e826e2fe347bba393c60c3554a6966c09dc17613d7af2b6686348171ba9/orjson-3.10.15-cp38-cp38-macosx_10_15_x86_64.macosx_11_0_arm64.macosx_10_15_universal2.whl", hash = "sha256:5e8afd6200e12771467a1a44e5ad780614b86abb4b11862ec54861a82d677746", size = 249866, upload-time = "2025-01-18T15:54:44.383Z" },
    { url = "https://files.pythonhosted.org/packages/6e/71/2d31ebc2f2da9249ce77dea6c31f2a7df2735fe6ec9a326096cbcc0448e9/orjson-3.10.15-cp38-cp38-manylinux_2_17_aarch64.manylinux2014_aarch64.whl", hash = "sha256:da9a18c500f19273e9e104cca8c1f0b40a6470bcccfc33afcc088045d0bf5ea6", size = 124917, upload-time = "2025-01-18T18:12:06.786Z" },
    { url = "https://files.pythonhosted.org/packages/32/9d/5fabd50e13580aedf22c90b888d3c4f5d86f285d5e580f0b1b91801f0c68/orjson-3.10.15-cp38-cp38-manylinux_2_17_armv7l.manylinux2014_armv7l.whl", hash = "sha256:bb00b7bfbdf5d34a13180e4805d76b4567025da19a197645ca746fc2fb536586", size = 149921, upload-time = "2025-01-18T15:54:46.853Z" },
    { url = "https://files.pythonhosted.org/packages/0f/6a/bd4226116560ab43cd439fa432d9ac1407efc7af80d1b70c36701818ff8b/orjson-3.10.15-cp38-cp38-manylinux_2_17_ppc64le.manylinux2014_ppc64le.whl", hash = "sha256:33aedc3d903378e257047fee506f11e0833146ca3e57a1a1fb0ddb789876c1e1", size = 139171, upload-time = "2025-01-18T15:54:49.224Z" },
    { url = "https://files.pythonhosted.org/packages/3f/55/587ceaaaefd8d3faec3c4d0b2acdae1761b3a9e3ec928d836374b5a05c13/orjson-3.10.15-cp38-cp38-manylinux_2_17_s390x.manylinux2014_s390x.whl", hash = "sha256:dd0099ae6aed5eb1fc84c9eb72b95505a3df4267e6962eb93cdd5af03be71c98", size = 154203, upload-time = "2025-01-18T15:54:50.891Z" },
    { url = "https://files.pythonhosted.org/packages/72/3c/2e26157d69d127c5663cdaa53a31860ca0df0a9a89ece81c81800ef99490/orjson-3.10.15-cp38-cp38-manylinux_2_17_x86_64.manylinux2014_x86_64.whl", hash = "sha256:7c864a80a2d467d7786274fce0e4f93ef2a7ca4ff31f7fc5634225aaa4e9e98c", size = 130068, upload-time = "2025-01-18T18:12:09.247Z" },
    { url = "https://files.pythonhosted.org/packages/a7/93/37590ace084c984e127c7910e76d08ef34af558eee48e75765c0c99104a2/orjson-3.10.15-cp38-cp38-manylinux_2_5_i686.manylinux1_i686.whl", hash = "sha256:c25774c9e88a3e0013d7d1a6c8056926b607a61edd423b50eb5c88fd7f2823ae", size = 138099, upload-time = "2025-01-18T15:54:52.457Z" },
    { url = "https://files.pythonhosted.org/packages/17/37/719d7f2d545aac188aa1f4d90d1de2d5d8e48bec39134b6b226ac7cc5d94/orjson-3.10.15-cp38-cp38-musllinux_1_2_aarch64.whl", hash = "sha256:e78c211d0074e783d824ce7bb85bf459f93a233eb67a5b5003498232ddfb0e8a", size = 130599, upload-time = "2025-01-18T15:54:54.051Z" },
    { url = "https://files.pythonhosted.org/packages/ef/82/e6697f15f1c2303b575837904d25d3faf86d83fa3e3fabd113b4b8dff39a/orjson-3.10.15-cp38-cp38-musllinux_1_2_armv7l.whl", hash = "sha256:43e17289ffdbbac8f39243916c893d2ae41a2ea1a9cbb060a56a4d75286351ae", size = 414435, upload-time = "2025-01-18T15:54:56.539Z" },
    { url = "https://files.pythonhosted.org/packages/b8/f1/51a2ec98822c474d0a24d0a9f490c94f22c9ced35665e106c8b4c89916ad/orjson-3.10.15-cp38-cp38-musllinux_1_2_i686.whl", hash = "sha256:781d54657063f361e89714293c095f506c533582ee40a426cb6489c48a637b81", size = 140676, upload-time = "2025-01-18T15:54:58.073Z" },
    { url = "https://files.pythonhosted.org/packages/d2/fb/1d868dd8b364a7709cc15aa073bfa9727183a2c800bf07343baa00dd3d15/orjson-3.10.15-cp38-cp38-musllinux_1_2_x86_64.whl", hash = "sha256:6875210307d36c94873f553786a808af2788e362bd0cf4c8e66d976791e7b528", size = 129478, upload-time = "2025-01-18T15:54:59.694Z" },
    { url = "https://files.pythonhosted.org/packages/13/1f/7f01afc23a7dee108baa31fbaa8e8d3f6b56b915201bf079c9586b37680a/orjson-3.10.15-cp38-cp38-win32.whl", hash = "sha256:305b38b2b8f8083cc3d618927d7f424349afce5975b316d33075ef0f73576b60", size = 142231, upload-time = "2025-01-18T15:55:01.281Z" },
    { url = "https://files.pythonhosted.org/packages/72/78/11d6afa317d3c7ee3c35b3a70e91776bf60ea9f010b629cc40d4a00edde8/orjson-3.10.15-cp38-cp38-win_amd64.whl", hash = "sha256:5dd9ef1639878cc3efffed349543cbf9372bdbd79f478615a1c633fe4e4180d1", size = 133278, upload-time = "2025-01-18T15:55:03.156Z" },
]

[[package]]
name = "pyright"
version = "1.1.410"
source = { registry = "https://pypi.org/simple" }
dependencies = [
    { name = "nodeenv" },
    { name = "typing-extensions" },
]
sdist = { url = "https://files.pythonhosted.org/packages/10/53/e4d8ea1391bd4355231be6f91bf239479aa0014260ed3fb5526eeb12a1f2/pyright-1.1.410.tar.gz", hash = "sha256:07a073b8ba6749826773c1269773efa11b93440d9a6aa60419d9a3172d6dc488", size = 4062013, upload-time = "2026-06-01T17:35:48.894Z" }
wheels = [
    { url = "https://files.pythonhosted.org/packages/d7/33/288b5868fa00846dacf249633719d747893e54aebd196b9968ac1878a5d3/pyright-1.1.410-py3-none-any.whl", hash = "sha256:5e961bed37cacf96b3f7cd7b1da39b350a9239aa2e69138d0e88f728cfaf296c", size = 6082448, upload-time = "2026-06-01T17:35:46.387Z" },
]

[[package]]
name = "typing-extensions"
version = "4.13.2"
source = { registry = "https://pypi.org/simple" }
sdist = { url = "https://files.pythonhosted.org/packages/f6/37/23083fcd6e35492953e8d2aaaa68b860eb422b34627b13f2ce3eb6106061/typing_extensions-4.13.2.tar.gz", hash = "sha256:e6c81219bd689f51865d9e372991c540bda33a0379d5573cddb9a3a23f7caaef", size = 106967, upload-time = "2025-04-10T14:19:05.416Z" }
wheels = [
    { url = "https://files.pythonhosted.org/packages/8b/54/b1ae86c0973cc6f0210b53d508ca3641fb6d0c56823f288d108bc7ab3cc8/typing_extensions-4.13.2-py3-none-any.whl", hash = "sha256:a439e7c04b49fec3e5d3e2beaa21755cadbbdc391694e28ccdd36ca4a1408f8c", size = 45806, upload-time = "2025-04-10T14:19:03.967Z" },
]
